# THIS IS AN AUTOGENERATED FILE. DO NOT EDIT THIS FILE DIRECTLY.
# yarn lockfile v1


commander@2:
  version "2.20.3"
  resolved "https://registry.npm.taobao.org/commander/download/commander-2.20.3.tgz?cache=0&sync_timestamp=1607931331670&other_urls=https%3A%2F%2Fregistry.npm.taobao.org%2Fcommander%2Fdownload%2Fcommander-2.20.3.tgz#fd485e84c03eb4881c20722ba48035e8531aeb33"
  integrity sha1-/UhehMA+tIgcIHIrpIA16FMa6zM=

d3-array@1, d3-array@^1.1.1, d3-array@^1.2.0:
  version "1.2.4"
  resolved "https://registry.npm.taobao.org/d3-array/download/d3-array-1.2.4.tgz#635ce4d5eea759f6f605863dbcfc30edc737f71f"
  integrity sha1-Y1zk1e6nWfb2BYY9vPww7cc39x8=

d3-axis@1:
  version "1.0.12"
  resolved "https://registry.npm.taobao.org/d3-axis/download/d3-axis-1.0.12.tgz#cdf20ba210cfbb43795af33756886fb3638daac9"
  integrity sha1-zfILohDPu0N5WvM3Vohvs2ONqsk=

d3-brush@1:
  version "1.1.6"
  resolved "https://registry.npm.taobao.org/d3-brush/download/d3-brush-1.1.6.tgz#b0a22c7372cabec128bdddf9bddc058592f89e9b"
  integrity sha1-sKIsc3LKvsEovd35vdwFhZL4nps=
  dependencies:
    d3-dispatch "1"
    d3-drag "1"
    d3-interpolate "1"
    d3-selection "1"
    d3-transition "1"

d3-chord@1:
  version "1.0.6"
  resolved "https://registry.npm.taobao.org/d3-chord/download/d3-chord-1.0.6.tgz#309157e3f2db2c752f0280fedd35f2067ccbb15f"
  integrity sha1-MJFX4/LbLHUvAoD+3TXyBnzLsV8=
  dependencies:
    d3-array "1"
    d3-path "1"

d3-collection@1:
  version "1.0.7"
  resolved "https://registry.npm.taobao.org/d3-collection/download/d3-collection-1.0.7.tgz#349bd2aa9977db071091c13144d5e4f16b5b310e"
  integrity sha1-NJvSqpl32wcQkcExRNXk8WtbMQ4=

d3-color@1:
  version "1.4.1"
  resolved "https://registry.npm.taobao.org/d3-color/download/d3-color-1.4.1.tgz#c52002bf8846ada4424d55d97982fef26eb3bc8a"
  integrity sha1-xSACv4hGraRCTVXZeYL+8m6zvIo=

d3-contour@1:
  version "1.3.2"
  resolved "https://registry.npm.taobao.org/d3-contour/download/d3-contour-1.3.2.tgz#652aacd500d2264cb3423cee10db69f6f59bead3"
  integrity sha1-ZSqs1QDSJkyzQjzuENtp9vWb6tM=
  dependencies:
    d3-array "^1.1.1"

d3-dispatch@1:
  version "1.0.6"
  resolved "https://registry.npm.taobao.org/d3-dispatch/download/d3-dispatch-1.0.6.tgz#00d37bcee4dd8cd97729dd893a0ac29caaba5d58"
  integrity sha1-ANN7zuTdjNl3Kd2JOgrCnKq6XVg=

d3-drag@1:
  version "1.2.5"
  resolved "https://registry.npm.taobao.org/d3-drag/download/d3-drag-1.2.5.tgz#2537f451acd39d31406677b7dc77c82f7d988f70"
  integrity sha1-JTf0UazTnTFAZne33HfIL32Yj3A=
  dependencies:
    d3-dispatch "1"
    d3-selection "1"

d3-dsv@1:
  version "1.2.0"
  resolved "https://registry.npm.taobao.org/d3-dsv/download/d3-dsv-1.2.0.tgz#9d5f75c3a5f8abd611f74d3f5847b0d4338b885c"
  integrity sha1-nV91w6X4q9YR900/WEew1DOLiFw=
  dependencies:
    commander "2"
    iconv-lite "0.4"
    rw "1"

d3-ease@1:
  version "1.0.7"
  resolved "https://registry.npm.taobao.org/d3-ease/download/d3-ease-1.0.7.tgz#9a834890ef8b8ae8c558b2fe55bd57f5993b85e2"
  integrity sha1-moNIkO+LiujFWLL+Vb1X9Zk7heI=

d3-fetch@1:
  version "1.2.0"
  resolved "https://registry.npm.taobao.org/d3-fetch/download/d3-fetch-1.2.0.tgz#15ce2ecfc41b092b1db50abd2c552c2316cf7fc7"
  integrity sha1-Fc4uz8QbCSsdtQq9LFUsIxbPf8c=
  dependencies:
    d3-dsv "1"

d3-force@1:
  version "1.2.1"
  resolved "https://registry.npm.taobao.org/d3-force/download/d3-force-1.2.1.tgz#fd29a5d1ff181c9e7f0669e4bd72bdb0e914ec0b"
  integrity sha1-/Sml0f8YHJ5/BmnkvXK9sOkU7As=
  dependencies:
    d3-collection "1"
    d3-dispatch "1"
    d3-quadtree "1"
    d3-timer "1"

d3-format@1:
  version "1.4.5"
  resolved "https://registry.npm.taobao.org/d3-format/download/d3-format-1.4.5.tgz#374f2ba1320e3717eb74a9356c67daee17a7edb4"
  integrity sha1-N08roTIONxfrdKk1bGfa7hen7bQ=

d3-geo@1:
  version "1.12.1"
  resolved "https://registry.npm.taobao.org/d3-geo/download/d3-geo-1.12.1.tgz#7fc2ab7414b72e59fbcbd603e80d9adc029b035f"
  integrity sha1-f8KrdBS3Lln7y9YD6A2a3AKbA18=
  dependencies:
    d3-array "1"

d3-hierarchy@1:
  version "1.1.9"
  resolved "https://registry.npm.taobao.org/d3-hierarchy/download/d3-hierarchy-1.1.9.tgz#2f6bee24caaea43f8dc37545fa01628559647a83"
  integrity sha1-L2vuJMqupD+Nw3VF+gFihVlkeoM=

d3-interpolate@1:
  version "1.4.0"
  resolved "https://registry.npm.taobao.org/d3-interpolate/download/d3-interpolate-1.4.0.tgz#526e79e2d80daa383f9e0c1c1c7dcc0f0583e987"
  integrity sha1-Um554tgNqjg/ngwcHH3MDwWD6Yc=
  dependencies:
    d3-color "1"

d3-path@1:
  version "1.0.9"
  resolved "https://registry.npm.taobao.org/d3-path/download/d3-path-1.0.9.tgz#48c050bb1fe8c262493a8caf5524e3e9591701cf"
  integrity sha1-SMBQux/owmJJOoyvVSTj6VkXAc8=

d3-polygon@1:
  version "1.0.6"
  resolved "https://registry.npm.taobao.org/d3-polygon/download/d3-polygon-1.0.6.tgz#0bf8cb8180a6dc107f518ddf7975e12abbfbd38e"
  integrity sha1-C/jLgYCm3BB/UY3feXXhKrv7044=

d3-quadtree@1:
  version "1.0.7"
  resolved "https://registry.npm.taobao.org/d3-quadtree/download/d3-quadtree-1.0.7.tgz#ca8b84df7bb53763fe3c2f24bd435137f4e53135"
  integrity sha1-youE33u1N2P+PC8kvUNRN/TlMTU=

d3-random@1:
  version "1.1.2"
  resolved "https://registry.npm.taobao.org/d3-random/download/d3-random-1.1.2.tgz#2833be7c124360bf9e2d3fd4f33847cfe6cab291"
  integrity sha1-KDO+fBJDYL+eLT/U8zhHz+bKspE=

d3-scale-chromatic@1:
  version "1.5.0"
  resolved "https://registry.npm.taobao.org/d3-scale-chromatic/download/d3-scale-chromatic-1.5.0.tgz#54e333fc78212f439b14641fb55801dd81135a98"
  integrity sha1-VOMz/HghL0ObFGQftVgB3YETWpg=
  dependencies:
    d3-color "1"
    d3-interpolate "1"

d3-scale@2:
  version "2.2.2"
  resolved "https://registry.npm.taobao.org/d3-scale/download/d3-scale-2.2.2.tgz#4e880e0b2745acaaddd3ede26a9e908a9e17b81f"
  integrity sha1-TogOCydFrKrd0+3iap6Qip4XuB8=
  dependencies:
    d3-array "^1.2.0"
    d3-collection "1"
    d3-format "1"
    d3-interpolate "1"
    d3-time "1"
    d3-time-format "2"

d3-selection@1, d3-selection@^1.1.0:
  version "1.4.2"
  resolved "https://registry.npm.taobao.org/d3-selection/download/d3-selection-1.4.2.tgz#dcaa49522c0dbf32d6c1858afc26b6094555bc5c"
  integrity sha1-3KpJUiwNvzLWwYWK/Ca2CUVVvFw=

d3-shape@1:
  version "1.3.7"
  resolved "https://registry.npm.taobao.org/d3-shape/download/d3-shape-1.3.7.tgz#df63801be07bc986bc54f63789b4fe502992b5d7"
  integrity sha1-32OAG+B7yYa8VPY3ibT+UCmStdc=
  dependencies:
    d3-path "1"

d3-time-format@2:
  version "2.3.0"
  resolved "https://registry.npm.taobao.org/d3-time-format/download/d3-time-format-2.3.0.tgz#107bdc028667788a8924ba040faf1fbccd5a7850"
  integrity sha1-EHvcAoZneIqJJLoED68fvM1aeFA=
  dependencies:
    d3-time "1"

d3-time@1:
  version "1.1.0"
  resolved "https://registry.npm.taobao.org/d3-time/download/d3-time-1.1.0.tgz#b1e19d307dae9c900b7e5b25ffc5dcc249a8a0f1"
  integrity sha1-seGdMH2unJALflsl/8XcwkmooPE=

d3-timer@1:
  version "1.0.10"
  resolved "https://registry.npm.taobao.org/d3-timer/download/d3-timer-1.0.10.tgz#dfe76b8a91748831b13b6d9c793ffbd508dd9de5"
  integrity sha1-3+dripF0iDGxO22ceT/71QjdneU=

d3-transition@1:
  version "1.3.2"
  resolved "https://registry.npm.taobao.org/d3-transition/download/d3-transition-1.3.2.tgz#a98ef2151be8d8600543434c1ca80140ae23b398"
  integrity sha1-qY7yFRvo2GAFQ0NMHKgBQK4js5g=
  dependencies:
    d3-color "1"
    d3-dispatch "1"
    d3-ease "1"
    d3-interpolate "1"
    d3-selection "^1.1.0"
    d3-timer "1"

d3-voronoi@1:
  version "1.1.4"
  resolved "https://registry.npm.taobao.org/d3-voronoi/download/d3-voronoi-1.1.4.tgz#dd3c78d7653d2bb359284ae478645d95944c8297"
  integrity sha1-3Tx412U9K7NZKErkeGRdlZRMgpc=

d3-zoom@1:
  version "1.8.3"
  resolved "https://registry.npm.taobao.org/d3-zoom/download/d3-zoom-1.8.3.tgz#b6a3dbe738c7763121cd05b8a7795ffe17f4fc0a"
  integrity sha1-tqPb5zjHdjEhzQW4p3lf/hf0/Ao=
  dependencies:
    d3-dispatch "1"
    d3-drag "1"
    d3-interpolate "1"
    d3-selection "1"
    d3-transition "1"

d3@5.8.0:
  version "5.8.0"
  resolved "https://registry.npm.taobao.org/d3/download/d3-5.8.0.tgz#251f12fe46d811ef300664590ec85eb574c44896"
  integrity sha1-JR8S/kbYEe8wBmRZDshetXTESJY=
  dependencies:
    d3-array "1"
    d3-axis "1"
    d3-brush "1"
    d3-chord "1"
    d3-collection "1"
    d3-color "1"
    d3-contour "1"
    d3-dispatch "1"
    d3-drag "1"
    d3-dsv "1"
    d3-ease "1"
    d3-fetch "1"
    d3-force "1"
    d3-format "1"
    d3-geo "1"
    d3-hierarchy "1"
    d3-interpolate "1"
    d3-path "1"
    d3-polygon "1"
    d3-quadtree "1"
    d3-random "1"
    d3-scale "2"
    d3-scale-chromatic "1"
    d3-selection "1"
    d3-shape "1"
    d3-time "1"
    d3-time-format "2"
    d3-timer "1"
    d3-transition "1"
    d3-voronoi "1"
    d3-zoom "1"

iconv-lite@0.4:
  version "0.4.24"
  resolved "https://registry.npm.taobao.org/iconv-lite/download/iconv-lite-0.4.24.tgz#2022b4b25fbddc21d2f524974a474aafe733908b"
  integrity sha1-ICK0sl+93CHS9SSXSkdKr+czkIs=
  dependencies:
    safer-buffer ">= 2.1.2 < 3"

moment@2.24.0:
  version "2.24.0"
  resolved "https://registry.npm.taobao.org/moment/download/moment-2.24.0.tgz?cache=0&sync_timestamp=1601983717342&other_urls=https%3A%2F%2Fregistry.npm.taobao.org%2Fmoment%2Fdownload%2Fmoment-2.24.0.tgz#0d055d53f5052aa653c9f6eb68bb5d12bf5c2b5b"
  integrity sha1-DQVdU/UFKqZTyfbraLtdEr9cK1s=

rw@1:
  version "1.3.3"
  resolved "https://registry.npm.taobao.org/rw/download/rw-1.3.3.tgz#3f862dfa91ab766b14885ef4d01124bfda074fb4"
  integrity sha1-P4Yt+pGrdmsUiF700BEkv9oHT7Q=

"safer-buffer@>= 2.1.2 < 3":
  version "2.1.2"
  resolved "https://registry.npm.taobao.org/safer-buffer/download/safer-buffer-2.1.2.tgz#44fa161b0187b9549dd84bb91802f9bd8385cd6a"
  integrity sha1-RPoWGwGHuVSd2Eu5GAL5vYOFzWo=
